
Microsoft Visual Studio Solution File, Format Version 12.00
# Visual Studio Version 17
VisualStudioVersion = 17.4.33110.190
MinimumVisualStudioVersion = 10.0.40219.1
Project("{FAE04EC0-301F-11D3-BF4B-00C04F79EFBC}") = "Apartman1", "Apartman1\Apartman1.csproj", "{2D2670C3-AB84-415F-9D40-6D5DCA129AC0}"
EndProject
Global
	GlobalSection(SolutionConfigurationPlatforms) = preSolution
		Debug|Any CPU = Debug|Any CPU
		Release|Any CPU = Release|Any CPU
	EndGlobalSection
	GlobalSection(ProjectConfigurationPlatforms) = postSolution
		{2D2670C3-AB84-415F-9D40-6D5DCA129AC0}.Debug|Any CPU.ActiveCfg = Debug|Any CPU
		{2D2670C3-AB84-415F-9D40-6D5DCA129AC0}.Debug|Any CPU.Build.0 = Debug|Any CPU
		{2D2670C3-AB84-415F-9D40-6D5DCA129AC0}.Release|Any CPU.ActiveCfg = Release|Any CPU
		{2D2670C3-AB84-415F-9D40-6D5DCA129AC0}.Release|Any CPU.Build.0 = Release|Any CPU
	EndGlobalSection
	GlobalSection(SolutionProperties) = preSolution
		HideSolutionNode = FALSE
	EndGlobalSection
	GlobalSection(ExtensibilityGlobals) = postSolution
		SolutionGuid = {FC5A78E9-338C-4FD5-96F7-356E912B6C15}
	EndGlobalSection
EndGlobal
